{
  "requires": true,
  "lockfileVersion": 1,
  "dependencies": {
    "co": {
      "version": "4.6.0",
      "resolved": "https://nexus.qutoutiao.net/repository/qtt/co/-/co-4.6.0.tgz",
      "integrity": "sha1-bqa989hTrlTMuOR7+gvz+QMfsYQ="
    },
    "moment": {
      "version": "2.24.0",
      "resolved": "https://nexus.qutoutiao.net/repository/qtt/moment/-/moment-2.24.0.tgz",
      "integrity": "sha512-bV7f+6l2QigeBBZSM/6yTNq4P2fNpSWj/0e7jQcy87A8e7o2nAfP/34/2ky5Vw4B9S446EtIhodAzkFCcR4dQg=="
    }
  }
}
